
Microsoft Visual Studio Solution File, Format Version 12.00
# Visual Studio Version 16
VisualStudioVersion = 16.0.31424.327
MinimumVisualStudioVersion = 10.0.40219.1
Project("{FAE04EC0-301F-11D3-BF4B-00C04F79EFBC}") = "Casino Dice Roller", "Casino Dice Roller\Casino Dice Roller.csproj", "{C72EBDA6-D23A-40F8-9361-81263E426DEB}"
EndProject
Global
	GlobalSection(SolutionConfigurationPlatforms) = preSolution
		Debug|Any CPU = Debug|Any CPU
		Release|Any CPU = Release|Any CPU
	EndGlobalSection
	GlobalSection(ProjectConfigurationPlatforms) = postSolution
		{C72EBDA6-D23A-40F8-9361-81263E426DEB}.Debug|Any CPU.ActiveCfg = Debug|Any CPU
		{C72EBDA6-D23A-40F8-9361-81263E426DEB}.Debug|Any CPU.Build.0 = Debug|Any CPU
		{C72EBDA6-D23A-40F8-9361-81263E426DEB}.Release|Any CPU.ActiveCfg = Release|Any CPU
		{C72EBDA6-D23A-40F8-9361-81263E426DEB}.Release|Any CPU.Build.0 = Release|Any CPU
	EndGlobalSection
	GlobalSection(SolutionProperties) = preSolution
		HideSolutionNode = FALSE
	EndGlobalSection
	GlobalSection(ExtensibilityGlobals) = postSolution
		SolutionGuid = {23D1115A-7FB3-47FC-BFC1-1942240D3081}
	EndGlobalSection
EndGlobal
